
Microsoft Visual Studio Solution File, Format Version 12.00
# Visual Studio Version 17
VisualStudioVersion = 17.3.32922.545
MinimumVisualStudioVersion = 10.0.40219.1
Project("{FAE04EC0-301F-11D3-BF4B-00C04F79EFBC}") = "ConsoleApp2", "ConsoleApp2\ConsoleApp2.csproj", "{39AE5F17-4A5D-4648-8536-F37D7ADAC192}"
EndProject
Global
	GlobalSection(SolutionConfigurationPlatforms) = preSolution
		Debug|Any CPU = Debug|Any CPU
		Release|Any CPU = Release|Any CPU
	EndGlobalSection
	GlobalSection(ProjectConfigurationPlatforms) = postSolution
		{39AE5F17-4A5D-4648-8536-F37D7ADAC192}.Debug|Any CPU.ActiveCfg = Debug|Any CPU
		{39AE5F17-4A5D-4648-8536-F37D7ADAC192}.Debug|Any CPU.Build.0 = Debug|Any CPU
		{39AE5F17-4A5D-4648-8536-F37D7ADAC192}.Release|Any CPU.ActiveCfg = Release|Any CPU
		{39AE5F17-4A5D-4648-8536-F37D7ADAC192}.Release|Any CPU.Build.0 = Release|Any CPU
	EndGlobalSection
	GlobalSection(SolutionProperties) = preSolution
		HideSolutionNode = FALSE
	EndGlobalSection
	GlobalSection(ExtensibilityGlobals) = postSolution
		SolutionGuid = {99BAA51C-FF0D-4189-BF6D-CD35059C95EE}
	EndGlobalSection
EndGlobal
